
Microsoft Visual Studio Solution File, Format Version 12.00
# Visual Studio 15
Project("{FAE04EC0-301F-11D3-BF4B-00C04F79EFBC}") = "UnityEngine.UI", "UnityEngine.UI.csproj", "{1804299D-54A5-A947-88DA-4AA6115427F5}"
EndProject
Project("{FAE04EC0-301F-11D3-BF4B-00C04F79EFBC}") = "UnityEngine.TestRunner", "UnityEngine.TestRunner.csproj", "{1678BCFC-AFEF-35CA-80D2-A6BA990E23FF}"
EndProject
Project("{FAE04EC0-301F-11D3-BF4B-00C04F79EFBC}") = "Unity.Mathematics", "Unity.Mathematics.csproj", "{5FF9E1E3-A33D-28BF-6478-41E6919046CD}"
EndProject
Project("{FAE04EC0-301F-11D3-BF4B-00C04F79EFBC}") = "Unity.2D.Animation.Triangle.Runtime", "Unity.2D.Animation.Triangle.Runtime.csproj", "{75922B33-7AF7-965B-5974-1CA8086771CB}"
EndProject
Project("{FAE04EC0-301F-11D3-BF4B-00C04F79EFBC}") = "Unity.Timeline", "Unity.Timeline.csproj", "{F141DF05-87E7-A1D8-0F2B-429F8BC330A5}"
EndProject
Project("{FAE04EC0-301F-11D3-BF4B-00C04F79EFBC}") = "Unity.TextMeshPro", "Unity.TextMeshPro.csproj", "{2AC7D7C2-5445-A461-0C1D-1CAD23379F98}"
EndProject
Project("{FAE04EC0-301F-11D3-BF4B-00C04F79EFBC}") = "Unity.2D.Animation.Runtime", "Unity.2D.Animation.Runtime.csproj", "{5FB1CE9A-2571-FAB2-2FFF-1FF138A9C4F2}"
EndProject
Project("{FAE04EC0-301F-11D3-BF4B-00C04F79EFBC}") = "Assembly-CSharp", "Assembly-CSharp.csproj", "{37FB2FD7-4FC8-1D8C-AA7A-493661B9A9E7}"
EndProject
Project("{FAE04EC0-301F-11D3-BF4B-00C04F79EFBC}") = "Unity.2D.IK.Runtime", "Unity.2D.IK.Runtime.csproj", "{48B71269-684D-36B6-FAD1-EB3007B1D579}"
EndProject
Project("{FAE04EC0-301F-11D3-BF4B-00C04F79EFBC}") = "Unity.2D.SpriteShape.Runtime", "Unity.2D.SpriteShape.Runtime.csproj", "{28CBC71F-ECBB-8598-CA55-C59E3B11AC9A}"
EndProject
Project("{FAE04EC0-301F-11D3-BF4B-00C04F79EFBC}") = "Unity.2D.PixelPerfect", "Unity.2D.PixelPerfect.csproj", "{3CBF3198-D10A-1F8B-F62D-51ED9C5E5B70}"
EndProject
Project("{FAE04EC0-301F-11D3-BF4B-00C04F79EFBC}") = "Unity.2D.Common.Runtime", "Unity.2D.Common.Runtime.csproj", "{F9408AF5-02A1-63F6-B4BB-F34F891CFCB2}"
EndProject
Project("{FAE04EC0-301F-11D3-BF4B-00C04F79EFBC}") = "Unity.InternalAPIEngineBridge.001", "Unity.InternalAPIEngineBridge.001.csproj", "{36FF3836-8305-746A-0D52-9FF8655DBD17}"
EndProject
Project("{FAE04EC0-301F-11D3-BF4B-00C04F79EFBC}") = "UnityEditor.TestRunner", "UnityEditor.TestRunner.csproj", "{17A2BDB7-9020-E8EB-A520-D330A6C4BDDF}"
EndProject
Project("{FAE04EC0-301F-11D3-BF4B-00C04F79EFBC}") = "Unity.PlasticSCM.Editor", "Unity.PlasticSCM.Editor.csproj", "{31E1E22F-EC1A-337D-1DBF-7DC53F8ADF8E}"
EndProject
Project("{FAE04EC0-301F-11D3-BF4B-00C04F79EFBC}") = "UnityEditor.UI", "UnityEditor.UI.csproj", "{4318247D-6BEE-E98C-A925-FE7CD7526C13}"
EndProject
Project("{FAE04EC0-301F-11D3-BF4B-00C04F79EFBC}") = "Unity.Timeline.Editor", "Unity.Timeline.Editor.csproj", "{D98A37EB-CEBB-89AC-27F9-EDDA8B82457A}"
EndProject
Project("{FAE04EC0-301F-11D3-BF4B-00C04F79EFBC}") = "Unity.VisualStudio.Editor", "Unity.VisualStudio.Editor.csproj", "{40B84D35-AC5E-0A16-DAEC-F7284D8985D3}"
EndProject
Project("{FAE04EC0-301F-11D3-BF4B-00C04F79EFBC}") = "Unity.2D.Psdimporter.Editor", "Unity.2D.Psdimporter.Editor.csproj", "{92CA7338-7D98-B9EA-E1FA-3459CCF97869}"
EndProject
Project("{FAE04EC0-301F-11D3-BF4B-00C04F79EFBC}") = "Unity.2D.Animation.Editor", "Unity.2D.Animation.Editor.csproj", "{A15874E5-8E2B-9F21-BF1F-253FC72AAC50}"
EndProject
Project("{FAE04EC0-301F-11D3-BF4B-00C04F79EFBC}") = "Unity.TextMeshPro.Editor", "Unity.TextMeshPro.Editor.csproj", "{5C92AFEB-1A44-126A-87D5-E5B9C05B23F8}"
EndProject
Project("{FAE04EC0-301F-11D3-BF4B-00C04F79EFBC}") = "Unity.2D.SpriteShape.Editor", "Unity.2D.SpriteShape.Editor.csproj", "{645E7A46-D83C-F4F3-2920-9690E51C0E2B}"
EndProject
Project("{FAE04EC0-301F-11D3-BF4B-00C04F79EFBC}") = "Unity.CollabProxy.Editor", "Unity.CollabProxy.Editor.csproj", "{C926B449-9A7D-E8FD-B1D9-CC6D9E32CAD6}"
EndProject
Project("{FAE04EC0-301F-11D3-BF4B-00C04F79EFBC}") = "PsdPlugin", "PsdPlugin.csproj", "{C44A6D89-9822-EE73-8CE9-F42F42BF66D1}"
EndProject
Project("{FAE04EC0-301F-11D3-BF4B-00C04F79EFBC}") = "Unity.2D.Path.Editor", "Unity.2D.Path.Editor.csproj", "{73D8ECC4-2A18-1391-244E-646DD0A89DE9}"
EndProject
Project("{FAE04EC0-301F-11D3-BF4B-00C04F79EFBC}") = "Unity.Rider.Editor", "Unity.Rider.Editor.csproj", "{00FA639A-EC03-FA8B-7D41-BA2C3786FD3A}"
EndProject
Project("{FAE04EC0-301F-11D3-BF4B-00C04F79EFBC}") = "Unity.2D.IK.Editor", "Unity.2D.IK.Editor.csproj", "{24C9D5EA-6BA5-67EE-7366-E0ECF6DF8D76}"
EndProject
Project("{FAE04EC0-301F-11D3-BF4B-00C04F79EFBC}") = "Unity.2D.Sprite.Editor", "Unity.2D.Sprite.Editor.csproj", "{BF334BFE-2CB4-7A51-4917-ECE74362AD87}"
EndProject
Project("{FAE04EC0-301F-11D3-BF4B-00C04F79EFBC}") = "Unity.2D.Tilemap.Editor", "Unity.2D.Tilemap.Editor.csproj", "{3AA7E6A2-3E0C-3517-EA97-C05A09B1550C}"
EndProject
Project("{FAE04EC0-301F-11D3-BF4B-00C04F79EFBC}") = "Unity.2D.PixelPerfect.Editor", "Unity.2D.PixelPerfect.Editor.csproj", "{C956E3C2-0974-F49F-1560-5DE7B5076366}"
EndProject
Project("{FAE04EC0-301F-11D3-BF4B-00C04F79EFBC}") = "Unity.VSCode.Editor", "Unity.VSCode.Editor.csproj", "{F7D6C6A4-1CE1-AA8C-DB9A-65F2BBBEE861}"
EndProject
Project("{FAE04EC0-301F-11D3-BF4B-00C04F79EFBC}") = "Unity.2D.Common.Editor", "Unity.2D.Common.Editor.csproj", "{D5C85005-0B6D-93EB-0A35-B12C3270D797}"
EndProject
Project("{FAE04EC0-301F-11D3-BF4B-00C04F79EFBC}") = "Unity.Mathematics.Editor", "Unity.Mathematics.Editor.csproj", "{FFB6E9DD-268F-6495-6BC9-36E4A978B8A8}"
EndProject
Project("{FAE04EC0-301F-11D3-BF4B-00C04F79EFBC}") = "Unity.InternalAPIEditorBridge.001", "Unity.InternalAPIEditorBridge.001.csproj", "{777FCEC2-F5E1-8378-D6CF-359426E483A5}"
EndProject
Project("{FAE04EC0-301F-11D3-BF4B-00C04F79EFBC}") = "UnityEngine.UI", "UnityEngine.UI.Player.csproj", "{BE280BC9-15A9-6D92-2829-473727B194E3}"
EndProject
Project("{FAE04EC0-301F-11D3-BF4B-00C04F79EFBC}") = "UnityEngine.TestRunner", "UnityEngine.TestRunner.Player.csproj", "{A1A0711B-0999-0051-D9F4-BF099EC2A6C5}"
EndProject
Project("{FAE04EC0-301F-11D3-BF4B-00C04F79EFBC}") = "Unity.Mathematics", "Unity.Mathematics.Player.csproj", "{21858A87-6F5F-B0D4-F16C-C6B7448DAC1C}"
EndProject
Project("{FAE04EC0-301F-11D3-BF4B-00C04F79EFBC}") = "Unity.2D.Animation.Triangle.Runtime", "Unity.2D.Animation.Triangle.Runtime.Player.csproj", "{4E5D3B65-8421-1F05-A9DE-C99526811C62}"
EndProject
Project("{FAE04EC0-301F-11D3-BF4B-00C04F79EFBC}") = "Unity.Timeline", "Unity.Timeline.Player.csproj", "{8074B7E6-0036-8212-EEF0-24345F5DDD08}"
EndProject
Project("{FAE04EC0-301F-11D3-BF4B-00C04F79EFBC}") = "Unity.TextMeshPro", "Unity.TextMeshPro.Player.csproj", "{4B34323D-B2C4-015A-C3A8-FC184B7E4A96}"
EndProject
Project("{FAE04EC0-301F-11D3-BF4B-00C04F79EFBC}") = "Unity.2D.Animation.Runtime", "Unity.2D.Animation.Runtime.Player.csproj", "{3589E389-F004-35B9-AF25-A660661A749F}"
EndProject
Project("{FAE04EC0-301F-11D3-BF4B-00C04F79EFBC}") = "Assembly-CSharp", "Assembly-CSharp.Player.csproj", "{CC464311-E107-977F-473E-5CE033BE809B}"
EndProject
Project("{FAE04EC0-301F-11D3-BF4B-00C04F79EFBC}") = "Unity.2D.IK.Runtime", "Unity.2D.IK.Runtime.Player.csproj", "{BA87B509-FAE0-15D4-43C3-058CDA3A0374}"
EndProject
Project("{FAE04EC0-301F-11D3-BF4B-00C04F79EFBC}") = "Unity.2D.SpriteShape.Runtime", "Unity.2D.SpriteShape.Runtime.Player.csproj", "{2B5E8359-0972-196B-5304-6DA26E43A486}"
EndProject
Project("{FAE04EC0-301F-11D3-BF4B-00C04F79EFBC}") = "Unity.2D.PixelPerfect", "Unity.2D.PixelPerfect.Player.csproj", "{2FFE866A-D96F-1E67-D060-78183B5C8283}"
EndProject
Project("{FAE04EC0-301F-11D3-BF4B-00C04F79EFBC}") = "Unity.2D.Common.Runtime", "Unity.2D.Common.Runtime.Player.csproj", "{EE662179-EFAE-BBBD-0537-5C2E769FAB12}"
EndProject
Project("{FAE04EC0-301F-11D3-BF4B-00C04F79EFBC}") = "Unity.InternalAPIEngineBridge.001", "Unity.InternalAPIEngineBridge.001.Player.csproj", "{500F4A60-616F-4CEE-209C-2D145790B7E8}"
EndProject
Global
	GlobalSection(SolutionConfigurationPlatforms) = preSolution
		Debug|Any CPU = Debug|Any CPU
		Release|Any CPU = Release|Any CPU
	EndGlobalSection
	GlobalSection(ProjectConfigurationPlatforms) = postSolution
		{1804299D-54A5-A947-88DA-4AA6115427F5}.Debug|Any CPU.ActiveCfg = Debug|Any CPU
		{1804299D-54A5-A947-88DA-4AA6115427F5}.Debug|Any CPU.Build.0 = Debug|Any CPU
		{1804299D-54A5-A947-88DA-4AA6115427F5}.Release|Any CPU.ActiveCfg = Release|Any CPU
		{1804299D-54A5-A947-88DA-4AA6115427F5}.Release|Any CPU.Build.0 = Release|Any CPU
		{1678BCFC-AFEF-35CA-80D2-A6BA990E23FF}.Debug|Any CPU.ActiveCfg = Debug|Any CPU
		{1678BCFC-AFEF-35CA-80D2-A6BA990E23FF}.Debug|Any CPU.Build.0 = Debug|Any CPU
		{1678BCFC-AFEF-35CA-80D2-A6BA990E23FF}.Release|Any CPU.ActiveCfg = Release|Any CPU
		{1678BCFC-AFEF-35CA-80D2-A6BA990E23FF}.Release|Any CPU.Build.0 = Release|Any CPU
		{5FF9E1E3-A33D-28BF-6478-41E6919046CD}.Debug|Any CPU.ActiveCfg = Debug|Any CPU
		{5FF9E1E3-A33D-28BF-6478-41E6919046CD}.Debug|Any CPU.Build.0 = Debug|Any CPU
		{5FF9E1E3-A33D-28BF-6478-41E6919046CD}.Release|Any CPU.ActiveCfg = Release|Any CPU
		{5FF9E1E3-A33D-28BF-6478-41E6919046CD}.Release|Any CPU.Build.0 = Release|Any CPU
		{75922B33-7AF7-965B-5974-1CA8086771CB}.Debug|Any CPU.ActiveCfg = Debug|Any CPU
		{75922B33-7AF7-965B-5974-1CA8086771CB}.Debug|Any CPU.Build.0 = Debug|Any CPU
		{75922B33-7AF7-965B-5974-1CA8086771CB}.Release|Any CPU.ActiveCfg = Release|Any CPU
		{75922B33-7AF7-965B-5974-1CA8086771CB}.Release|Any CPU.Build.0 = Release|Any CPU
		{F141DF05-87E7-A1D8-0F2B-429F8BC330A5}.Debug|Any CPU.ActiveCfg = Debug|Any CPU
		{F141DF05-87E7-A1D8-0F2B-429F8BC330A5}.Debug|Any CPU.Build.0 = Debug|Any CPU
		{F141DF05-87E7-A1D8-0F2B-429F8BC330A5}.Release|Any CPU.ActiveCfg = Release|Any CPU
		{F141DF05-87E7-A1D8-0F2B-429F8BC330A5}.Release|Any CPU.Build.0 = Release|Any CPU
		{2AC7D7C2-5445-A461-0C1D-1CAD23379F98}.Debug|Any CPU.ActiveCfg = Debug|Any CPU
		{2AC7D7C2-5445-A461-0C1D-1CAD23379F98}.Debug|Any CPU.Build.0 = Debug|Any CPU
		{2AC7D7C2-5445-A461-0C1D-1CAD23379F98}.Release|Any CPU.ActiveCfg = Release|Any CPU
		{2AC7D7C2-5445-A461-0C1D-1CAD23379F98}.Release|Any CPU.Build.0 = Release|Any CPU
		{5FB1CE9A-2571-FAB2-2FFF-1FF138A9C4F2}.Debug|Any CPU.ActiveCfg = Debug|Any CPU
		{5FB1CE9A-2571-FAB2-2FFF-1FF138A9C4F2}.Debug|Any CPU.Build.0 = Debug|Any CPU
		{5FB1CE9A-2571-FAB2-2FFF-1FF138A9C4F2}.Release|Any CPU.ActiveCfg = Release|Any CPU
		{5FB1CE9A-2571-FAB2-2FFF-1FF138A9C4F2}.Release|Any CPU.Build.0 = Release|Any CPU
		{37FB2FD7-4FC8-1D8C-AA7A-493661B9A9E7}.Debug|Any CPU.ActiveCfg = Debug|Any CPU
		{37FB2FD7-4FC8-1D8C-AA7A-493661B9A9E7}.Debug|Any CPU.Build.0 = Debug|Any CPU
		{37FB2FD7-4FC8-1D8C-AA7A-493661B9A9E7}.Release|Any CPU.ActiveCfg = Release|Any CPU
		{37FB2FD7-4FC8-1D8C-AA7A-493661B9A9E7}.Release|Any CPU.Build.0 = Release|Any CPU
		{48B71269-684D-36B6-FAD1-EB3007B1D579}.Debug|Any CPU.ActiveCfg = Debug|Any CPU
		{48B71269-684D-36B6-FAD1-EB3007B1D579}.Debug|Any CPU.Build.0 = Debug|Any CPU
		{48B71269-684D-36B6-FAD1-EB3007B1D579}.Release|Any CPU.ActiveCfg = Release|Any CPU
		{48B71269-684D-36B6-FAD1-EB3007B1D579}.Release|Any CPU.Build.0 = Release|Any CPU
		{28CBC71F-ECBB-8598-CA55-C59E3B11AC9A}.Debug|Any CPU.ActiveCfg = Debug|Any CPU
		{28CBC71F-ECBB-8598-CA55-C59E3B11AC9A}.Debug|Any CPU.Build.0 = Debug|Any CPU
		{28CBC71F-ECBB-8598-CA55-C59E3B11AC9A}.Release|Any CPU.ActiveCfg = Release|Any CPU
		{28CBC71F-ECBB-8598-CA55-C59E3B11AC9A}.Release|Any CPU.Build.0 = Release|Any CPU
		{3CBF3198-D10A-1F8B-F62D-51ED9C5E5B70}.Debug|Any CPU.ActiveCfg = Debug|Any CPU
		{3CBF3198-D10A-1F8B-F62D-51ED9C5E5B70}.Debug|Any CPU.Build.0 = Debug|Any CPU
		{3CBF3198-D10A-1F8B-F62D-51ED9C5E5B70}.Release|Any CPU.ActiveCfg = Release|Any CPU
		{3CBF3198-D10A-1F8B-F62D-51ED9C5E5B70}.Release|Any CPU.Build.0 = Release|Any CPU
		{F9408AF5-02A1-63F6-B4BB-F34F891CFCB2}.Debug|Any CPU.ActiveCfg = Debug|Any CPU
		{F9408AF5-02A1-63F6-B4BB-F34F891CFCB2}.Debug|Any CPU.Build.0 = Debug|Any CPU
		{F9408AF5-02A1-63F6-B4BB-F34F891CFCB2}.Release|Any CPU.ActiveCfg = Release|Any CPU
		{F9408AF5-02A1-63F6-B4BB-F34F891CFCB2}.Release|Any CPU.Build.0 = Release|Any CPU
		{36FF3836-8305-746A-0D52-9FF8655DBD17}.Debug|Any CPU.ActiveCfg = Debug|Any CPU
		{36FF3836-8305-746A-0D52-9FF8655DBD17}.Debug|Any CPU.Build.0 = Debug|Any CPU
		{36FF3836-8305-746A-0D52-9FF8655DBD17}.Release|Any CPU.ActiveCfg = Release|Any CPU
		{36FF3836-8305-746A-0D52-9FF8655DBD17}.Release|Any CPU.Build.0 = Release|Any CPU
		{17A2BDB7-9020-E8EB-A520-D330A6C4BDDF}.Debug|Any CPU.ActiveCfg = Debug|Any CPU
		{17A2BDB7-9020-E8EB-A520-D330A6C4BDDF}.Debug|Any CPU.Build.0 = Debug|Any CPU
		{17A2BDB7-9020-E8EB-A520-D330A6C4BDDF}.Release|Any CPU.ActiveCfg = Release|Any CPU
		{17A2BDB7-9020-E8EB-A520-D330A6C4BDDF}.Release|Any CPU.Build.0 = Release|Any CPU
		{31E1E22F-EC1A-337D-1DBF-7DC53F8ADF8E}.Debug|Any CPU.ActiveCfg = Debug|Any CPU
		{31E1E22F-EC1A-337D-1DBF-7DC53F8ADF8E}.Debug|Any CPU.Build.0 = Debug|Any CPU
		{31E1E22F-EC1A-337D-1DBF-7DC53F8ADF8E}.Release|Any CPU.ActiveCfg = Release|Any CPU
		{31E1E22F-EC1A-337D-1DBF-7DC53F8ADF8E}.Release|Any CPU.Build.0 = Release|Any CPU
		{4318247D-6BEE-E98C-A925-FE7CD7526C13}.Debug|Any CPU.ActiveCfg = Debug|Any CPU
		{4318247D-6BEE-E98C-A925-FE7CD7526C13}.Debug|Any CPU.Build.0 = Debug|Any CPU
		{4318247D-6BEE-E98C-A925-FE7CD7526C13}.Release|Any CPU.ActiveCfg = Release|Any CPU
		{4318247D-6BEE-E98C-A925-FE7CD7526C13}.Release|Any CPU.Build.0 = Release|Any CPU
		{D98A37EB-CEBB-89AC-27F9-EDDA8B82457A}.Debug|Any CPU.ActiveCfg = Debug|Any CPU
		{D98A37EB-CEBB-89AC-27F9-EDDA8B82457A}.Debug|Any CPU.Build.0 = Debug|Any CPU
		{D98A37EB-CEBB-89AC-27F9-EDDA8B82457A}.Release|Any CPU.ActiveCfg = Release|Any CPU
		{D98A37EB-CEBB-89AC-27F9-EDDA8B82457A}.Release|Any CPU.Build.0 = Release|Any CPU
		{40B84D35-AC5E-0A16-DAEC-F7284D8985D3}.Debug|Any CPU.ActiveCfg = Debug|Any CPU
		{40B84D35-AC5E-0A16-DAEC-F7284D8985D3}.Debug|Any CPU.Build.0 = Debug|Any CPU
		{40B84D35-AC5E-0A16-DAEC-F7284D8985D3}.Release|Any CPU.ActiveCfg = Release|Any CPU
		{40B84D35-AC5E-0A16-DAEC-F7284D8985D3}.Release|Any CPU.Build.0 = Release|Any CPU
		{92CA7338-7D98-B9EA-E1FA-3459CCF97869}.Debug|Any CPU.ActiveCfg = Debug|Any CPU
		{92CA7338-7D98-B9EA-E1FA-3459CCF97869}.Debug|Any CPU.Build.0 = Debug|Any CPU
		{92CA7338-7D98-B9EA-E1FA-3459CCF97869}.Release|Any CPU.ActiveCfg = Release|Any CPU
		{92CA7338-7D98-B9EA-E1FA-3459CCF97869}.Release|Any CPU.Build.0 = Release|Any CPU
		{A15874E5-8E2B-9F21-BF1F-253FC72AAC50}.Debug|Any CPU.ActiveCfg = Debug|Any CPU
		{A15874E5-8E2B-9F21-BF1F-253FC72AAC50}.Debug|Any CPU.Build.0 = Debug|Any CPU
		{A15874E5-8E2B-9F21-BF1F-253FC72AAC50}.Release|Any CPU.ActiveCfg = Release|Any CPU
		{A15874E5-8E2B-9F21-BF1F-253FC72AAC50}.Release|Any CPU.Build.0 = Release|Any CPU
		{5C92AFEB-1A44-126A-87D5-E5B9C05B23F8}.Debug|Any CPU.ActiveCfg = Debug|Any CPU
		{5C92AFEB-1A44-126A-87D5-E5B9C05B23F8}.Debug|Any CPU.Build.0 = Debug|Any CPU
		{5C92AFEB-1A44-126A-87D5-E5B9C05B23F8}.Release|Any CPU.ActiveCfg = Release|Any CPU
		{5C92AFEB-1A44-126A-87D5-E5B9C05B23F8}.Release|Any CPU.Build.0 = Release|Any CPU
		{645E7A46-D83C-F4F3-2920-9690E51C0E2B}.Debug|Any CPU.ActiveCfg = Debug|Any CPU
		{645E7A46-D83C-F4F3-2920-9690E51C0E2B}.Debug|Any CPU.Build.0 = Debug|Any CPU
		{645E7A46-D83C-F4F3-2920-9690E51C0E2B}.Release|Any CPU.ActiveCfg = Release|Any CPU
		{645E7A46-D83C-F4F3-2920-9690E51C0E2B}.Release|Any CPU.Build.0 = Release|Any CPU
		{C926B449-9A7D-E8FD-B1D9-CC6D9E32CAD6}.Debug|Any CPU.ActiveCfg = Debug|Any CPU
		{C926B449-9A7D-E8FD-B1D9-CC6D9E32CAD6}.Debug|Any CPU.Build.0 = Debug|Any CPU
		{C926B449-9A7D-E8FD-B1D9-CC6D9E32CAD6}.Release|Any CPU.ActiveCfg = Release|Any CPU
		{C926B449-9A7D-E8FD-B1D9-CC6D9E32CAD6}.Release|Any CPU.Build.0 = Release|Any CPU
		{C44A6D89-9822-EE73-8CE9-F42F42BF66D1}.Debug|Any CPU.ActiveCfg = Debug|Any CPU
		{C44A6D89-9822-EE73-8CE9-F42F42BF66D1}.Debug|Any CPU.Build.0 = Debug|Any CPU
		{C44A6D89-9822-EE73-8CE9-F42F42BF66D1}.Release|Any CPU.ActiveCfg = Release|Any CPU
		{C44A6D89-9822-EE73-8CE9-F42F42BF66D1}.Release|Any CPU.Build.0 = Release|Any CPU
		{73D8ECC4-2A18-1391-244E-646DD0A89DE9}.Debug|Any CPU.ActiveCfg = Debug|Any CPU
		{73D8ECC4-2A18-1391-244E-646DD0A89DE9}.Debug|Any CPU.Build.0 = Debug|Any CPU
		{73D8ECC4-2A18-1391-244E-646DD0A89DE9}.Release|Any CPU.ActiveCfg = Release|Any CPU
		{73D8ECC4-2A18-1391-244E-646DD0A89DE9}.Release|Any CPU.Build.0 = Release|Any CPU
		{00FA639A-EC03-FA8B-7D41-BA2C3786FD3A}.Debug|Any CPU.ActiveCfg = Debug|Any CPU
		{00FA639A-EC03-FA8B-7D41-BA2C3786FD3A}.Debug|Any CPU.Build.0 = Debug|Any CPU
		{00FA639A-EC03-FA8B-7D41-BA2C3786FD3A}.Release|Any CPU.ActiveCfg = Release|Any CPU
		{00FA639A-EC03-FA8B-7D41-BA2C3786FD3A}.Release|Any CPU.Build.0 = Release|Any CPU
		{24C9D5EA-6BA5-67EE-7366-E0ECF6DF8D76}.Debug|Any CPU.ActiveCfg = Debug|Any CPU
		{24C9D5EA-6BA5-67EE-7366-E0ECF6DF8D76}.Debug|Any CPU.Build.0 = Debug|Any CPU
		{24C9D5EA-6BA5-67EE-7366-E0ECF6DF8D76}.Release|Any CPU.ActiveCfg = Release|Any CPU
		{24C9D5EA-6BA5-67EE-7366-E0ECF6DF8D76}.Release|Any CPU.Build.0 = Release|Any CPU
		{BF334BFE-2CB4-7A51-4917-ECE74362AD87}.Debug|Any CPU.ActiveCfg = Debug|Any CPU
		{BF334BFE-2CB4-7A51-4917-ECE74362AD87}.Debug|Any CPU.Build.0 = Debug|Any CPU
		{BF334BFE-2CB4-7A51-4917-ECE74362AD87}.Release|Any CPU.ActiveCfg = Release|Any CPU
		{BF334BFE-2CB4-7A51-4917-ECE74362AD87}.Release|Any CPU.Build.0 = Release|Any CPU
		{3AA7E6A2-3E0C-3517-EA97-C05A09B1550C}.Debug|Any CPU.ActiveCfg = Debug|Any CPU
		{3AA7E6A2-3E0C-3517-EA97-C05A09B1550C}.Debug|Any CPU.Build.0 = Debug|Any CPU
		{3AA7E6A2-3E0C-3517-EA97-C05A09B1550C}.Release|Any CPU.ActiveCfg = Release|Any CPU
		{3AA7E6A2-3E0C-3517-EA97-C05A09B1550C}.Release|Any CPU.Build.0 = Release|Any CPU
		{C956E3C2-0974-F49F-1560-5DE7B5076366}.Debug|Any CPU.ActiveCfg = Debug|Any CPU
		{C956E3C2-0974-F49F-1560-5DE7B5076366}.Debug|Any CPU.Build.0 = Debug|Any CPU
		{C956E3C2-0974-F49F-1560-5DE7B5076366}.Release|Any CPU.ActiveCfg = Release|Any CPU
		{C956E3C2-0974-F49F-1560-5DE7B5076366}.Release|Any CPU.Build.0 = Release|Any CPU
		{F7D6C6A4-1CE1-AA8C-DB9A-65F2BBBEE861}.Debug|Any CPU.ActiveCfg = Debug|Any CPU
		{F7D6C6A4-1CE1-AA8C-DB9A-65F2BBBEE861}.Debug|Any CPU.Build.0 = Debug|Any CPU
		{F7D6C6A4-1CE1-AA8C-DB9A-65F2BBBEE861}.Release|Any CPU.ActiveCfg = Release|Any CPU
		{F7D6C6A4-1CE1-AA8C-DB9A-65F2BBBEE861}.Release|Any CPU.Build.0 = Release|Any CPU
		{D5C85005-0B6D-93EB-0A35-B12C3270D797}.Debug|Any CPU.ActiveCfg = Debug|Any CPU
		{D5C85005-0B6D-93EB-0A35-B12C3270D797}.Debug|Any CPU.Build.0 = Debug|Any CPU
		{D5C85005-0B6D-93EB-0A35-B12C3270D797}.Release|Any CPU.ActiveCfg = Release|Any CPU
		{D5C85005-0B6D-93EB-0A35-B12C3270D797}.Release|Any CPU.Build.0 = Release|Any CPU
		{FFB6E9DD-268F-6495-6BC9-36E4A978B8A8}.Debug|Any CPU.ActiveCfg = Debug|Any CPU
		{FFB6E9DD-268F-6495-6BC9-36E4A978B8A8}.Debug|Any CPU.Build.0 = Debug|Any CPU
		{FFB6E9DD-268F-6495-6BC9-36E4A978B8A8}.Release|Any CPU.ActiveCfg = Release|Any CPU
		{FFB6E9DD-268F-6495-6BC9-36E4A978B8A8}.Release|Any CPU.Build.0 = Release|Any CPU
		{777FCEC2-F5E1-8378-D6CF-359426E483A5}.Debug|Any CPU.ActiveCfg = Debug|Any CPU
		{777FCEC2-F5E1-8378-D6CF-359426E483A5}.Debug|Any CPU.Build.0 = Debug|Any CPU
		{777FCEC2-F5E1-8378-D6CF-359426E483A5}.Release|Any CPU.ActiveCfg = Release|Any CPU
		{777FCEC2-F5E1-8378-D6CF-359426E483A5}.Release|Any CPU.Build.0 = Release|Any CPU
		{BE280BC9-15A9-6D92-2829-473727B194E3}.Debug|Any CPU.ActiveCfg = Debug|Any CPU
		{BE280BC9-15A9-6D92-2829-473727B194E3}.Debug|Any CPU.Build.0 = Debug|Any CPU
		{BE280BC9-15A9-6D92-2829-473727B194E3}.Release|Any CPU.ActiveCfg = Release|Any CPU
		{BE280BC9-15A9-6D92-2829-473727B194E3}.Release|Any CPU.Build.0 = Release|Any CPU
		{A1A0711B-0999-0051-D9F4-BF099EC2A6C5}.Debug|Any CPU.ActiveCfg = Debug|Any CPU
		{A1A0711B-0999-0051-D9F4-BF099EC2A6C5}.Debug|Any CPU.Build.0 = Debug|Any CPU
		{A1A0711B-0999-0051-D9F4-BF099EC2A6C5}.Release|Any CPU.ActiveCfg = Release|Any CPU
		{A1A0711B-0999-0051-D9F4-BF099EC2A6C5}.Release|Any CPU.Build.0 = Release|Any CPU
		{21858A87-6F5F-B0D4-F16C-C6B7448DAC1C}.Debug|Any CPU.ActiveCfg = Debug|Any CPU
		{21858A87-6F5F-B0D4-F16C-C6B7448DAC1C}.Debug|Any CPU.Build.0 = Debug|Any CPU
		{21858A87-6F5F-B0D4-F16C-C6B7448DAC1C}.Release|Any CPU.ActiveCfg = Release|Any CPU
		{21858A87-6F5F-B0D4-F16C-C6B7448DAC1C}.Release|Any CPU.Build.0 = Release|Any CPU
		{4E5D3B65-8421-1F05-A9DE-C99526811C62}.Debug|Any CPU.ActiveCfg = Debug|Any CPU
		{4E5D3B65-8421-1F05-A9DE-C99526811C62}.Debug|Any CPU.Build.0 = Debug|Any CPU
		{4E5D3B65-8421-1F05-A9DE-C99526811C62}.Release|Any CPU.ActiveCfg = Release|Any CPU
		{4E5D3B65-8421-1F05-A9DE-C99526811C62}.Release|Any CPU.Build.0 = Release|Any CPU
		{8074B7E6-0036-8212-EEF0-24345F5DDD08}.Debug|Any CPU.ActiveCfg = Debug|Any CPU
		{8074B7E6-0036-8212-EEF0-24345F5DDD08}.Debug|Any CPU.Build.0 = Debug|Any CPU
		{8074B7E6-0036-8212-EEF0-24345F5DDD08}.Release|Any CPU.ActiveCfg = Release|Any CPU
		{8074B7E6-0036-8212-EEF0-24345F5DDD08}.Release|Any CPU.Build.0 = Release|Any CPU
		{4B34323D-B2C4-015A-C3A8-FC184B7E4A96}.Debug|Any CPU.ActiveCfg = Debug|Any CPU
		{4B34323D-B2C4-015A-C3A8-FC184B7E4A96}.Debug|Any CPU.Build.0 = Debug|Any CPU
		{4B34323D-B2C4-015A-C3A8-FC184B7E4A96}.Release|Any CPU.ActiveCfg = Release|Any CPU
		{4B34323D-B2C4-015A-C3A8-FC184B7E4A96}.Release|Any CPU.Build.0 = Release|Any CPU
		{3589E389-F004-35B9-AF25-A660661A749F}.Debug|Any CPU.ActiveCfg = Debug|Any CPU
		{3589E389-F004-35B9-AF25-A660661A749F}.Debug|Any CPU.Build.0 = Debug|Any CPU
		{3589E389-F004-35B9-AF25-A660661A749F}.Release|Any CPU.ActiveCfg = Release|Any CPU
		{3589E389-F004-35B9-AF25-A660661A749F}.Release|Any CPU.Build.0 = Release|Any CPU
		{CC464311-E107-977F-473E-5CE033BE809B}.Debug|Any CPU.ActiveCfg = Debug|Any CPU
		{CC464311-E107-977F-473E-5CE033BE809B}.Debug|Any CPU.Build.0 = Debug|Any CPU
		{CC464311-E107-977F-473E-5CE033BE809B}.Release|Any CPU.ActiveCfg = Release|Any CPU
		{CC464311-E107-977F-473E-5CE033BE809B}.Release|Any CPU.Build.0 = Release|Any CPU
		{BA87B509-FAE0-15D4-43C3-058CDA3A0374}.Debug|Any CPU.ActiveCfg = Debug|Any CPU
		{BA87B509-FAE0-15D4-43C3-058CDA3A0374}.Debug|Any CPU.Build.0 = Debug|Any CPU
		{BA87B509-FAE0-15D4-43C3-058CDA3A0374}.Release|Any CPU.ActiveCfg = Release|Any CPU
		{BA87B509-FAE0-15D4-43C3-058CDA3A0374}.Release|Any CPU.Build.0 = Release|Any CPU
		{2B5E8359-0972-196B-5304-6DA26E43A486}.Debug|Any CPU.ActiveCfg = Debug|Any CPU
		{2B5E8359-0972-196B-5304-6DA26E43A486}.Debug|Any CPU.Build.0 = Debug|Any CPU
		{2B5E8359-0972-196B-5304-6DA26E43A486}.Release|Any CPU.ActiveCfg = Release|Any CPU
		{2B5E8359-0972-196B-5304-6DA26E43A486}.Release|Any CPU.Build.0 = Release|Any CPU
		{2FFE866A-D96F-1E67-D060-78183B5C8283}.Debug|Any CPU.ActiveCfg = Debug|Any CPU
		{2FFE866A-D96F-1E67-D060-78183B5C8283}.Debug|Any CPU.Build.0 = Debug|Any CPU
		{2FFE866A-D96F-1E67-D060-78183B5C8283}.Release|Any CPU.ActiveCfg = Release|Any CPU
		{2FFE866A-D96F-1E67-D060-78183B5C8283}.Release|Any CPU.Build.0 = Release|Any CPU
		{EE662179-EFAE-BBBD-0537-5C2E769FAB12}.Debug|Any CPU.ActiveCfg = Debug|Any CPU
		{EE662179-EFAE-BBBD-0537-5C2E769FAB12}.Debug|Any CPU.Build.0 = Debug|Any CPU
		{EE662179-EFAE-BBBD-0537-5C2E769FAB12}.Release|Any CPU.ActiveCfg = Release|Any CPU
		{EE662179-EFAE-BBBD-0537-5C2E769FAB12}.Release|Any CPU.Build.0 = Release|Any CPU
		{500F4A60-616F-4CEE-209C-2D145790B7E8}.Debug|Any CPU.ActiveCfg = Debug|Any CPU
		{500F4A60-616F-4CEE-209C-2D145790B7E8}.Debug|Any CPU.Build.0 = Debug|Any CPU
		{500F4A60-616F-4CEE-209C-2D145790B7E8}.Release|Any CPU.ActiveCfg = Release|Any CPU
		{500F4A60-616F-4CEE-209C-2D145790B7E8}.Release|Any CPU.Build.0 = Release|Any CPU
	EndGlobalSection
	GlobalSection(SolutionProperties) = preSolution
		HideSolutionNode = FALSE
	EndGlobalSection
EndGlobal
